
Microsoft Visual Studio Solution File, Format Version 12.00
# Visual Studio Version 17
VisualStudioVersion = 17.10.35027.167
MinimumVisualStudioVersion = 10.0.40219.1
Project("{FAE04EC0-301F-11D3-BF4B-00C04F79EFBC}") = "ExcelTools", "ExcelTools.csproj", "{3507A49F-5D3D-480F-B089-CF21A77A85D1}"
EndProject
Project("{FAE04EC0-301F-11D3-BF4B-00C04F79EFBC}") = "ExcelToolsApp", "..\ExcelToolsApp\ExcelToolsApp.csproj", "{C5F337BF-187D-49BC-B14D-CCCA91248CDD}"
EndProject
Global
	GlobalSection(SolutionConfigurationPlatforms) = preSolution
		Debug|Any CPU = Debug|Any CPU
		Release|Any CPU = Release|Any CPU
	EndGlobalSection
	GlobalSection(ProjectConfigurationPlatforms) = postSolution
		{3507A49F-5D3D-480F-B089-CF21A77A85D1}.Debug|Any CPU.ActiveCfg = Debug|Any CPU
		{3507A49F-5D3D-480F-B089-CF21A77A85D1}.Debug|Any CPU.Build.0 = Debug|Any CPU
		{3507A49F-5D3D-480F-B089-CF21A77A85D1}.Release|Any CPU.ActiveCfg = Release|Any CPU
		{3507A49F-5D3D-480F-B089-CF21A77A85D1}.Release|Any CPU.Build.0 = Release|Any CPU
		{C5F337BF-187D-49BC-B14D-CCCA91248CDD}.Debug|Any CPU.ActiveCfg = Debug|Any CPU
		{C5F337BF-187D-49BC-B14D-CCCA91248CDD}.Debug|Any CPU.Build.0 = Debug|Any CPU
		{C5F337BF-187D-49BC-B14D-CCCA91248CDD}.Release|Any CPU.ActiveCfg = Release|Any CPU
		{C5F337BF-187D-49BC-B14D-CCCA91248CDD}.Release|Any CPU.Build.0 = Release|Any CPU
	EndGlobalSection
	GlobalSection(SolutionProperties) = preSolution
		HideSolutionNode = FALSE
	EndGlobalSection
	GlobalSection(ExtensibilityGlobals) = postSolution
		SolutionGuid = {C2DD4FE3-6A7C-4673-943D-EBCD08258544}
	EndGlobalSection
EndGlobal
